// !$*UTF8*$!
{
	archiveVersion = 1;
	classes = {
	};
	objectVersion = 56;
	objects = {

/* Begin PBXBuildFile section */
		7F87F31829C994DE00B23C28 /* AppDelegate.swift in Sources */ = {isa = PBXBuildFile; fileRef = 7F87F31729C994DE00B23C28 /* AppDelegate.swift */; };
		7F87F31A29C994DE00B23C28 /* SceneDelegate.swift in Sources */ = {isa = PBXBuildFile; fileRef = 7F87F31929C994DE00B23C28 /* SceneDelegate.swift */; };
		7F87F31F29C994DE00B23C28 /* Main.storyboard in Resources */ = {isa = PBXBuildFile; fileRef = 7F87F31D29C994DE00B23C28 /* Main.storyboard */; };
		7F87F32129C994DE00B23C28 /* Assets.xcassets in Resources */ = {isa = PBXBuildFile; fileRef = 7F87F32029C994DE00B23C28 /* Assets.xcassets */; };
		7F87F32429C994DE00B23C28 /* LaunchScreen.storyboard in Resources */ = {isa = PBXBuildFile; fileRef = 7F87F32229C994DE00B23C28 /* LaunchScreen.storyboard */; };
		7F87F32F29C994DF00B23C28 /* MyMovieChartTests.swift in Sources */ = {isa = PBXBuildFile; fileRef = 7F87F32E29C994DF00B23C28 /* MyMovieChartTests.swift */; };
		7F87F33929C994DF00B23C28 /* MyMovieChartUITests.swift in Sources */ = {isa = PBXBuildFile; fileRef = 7F87F33829C994DF00B23C28 /* MyMovieChartUITests.swift */; };
		7F87F33B29C994DF00B23C28 /* MyMovieChartUITestsLaunchTests.swift in Sources */ = {isa = PBXBuildFile; fileRef = 7F87F33A29C994DF00B23C28 /* MyMovieChartUITestsLaunchTests.swift */; };
		7F87F34829C9954000B23C28 /* ListViewController.swift in Sources */ = {isa = PBXBuildFile; fileRef = 7F87F34729C9954000B23C28 /* ListViewController.swift */; };
		7F87F34A29C9968D00B23C28 /* MovieVO.swift in Sources */ = {isa = PBXBuildFile; fileRef = 7F87F34929C9968D00B23C28 /* MovieVO.swift */; };
/* End PBXBuildFile section */

/* Begin PBXContainerItemProxy section */
		7F87F32B29C994DF00B23C28 /* PBXContainerItemProxy */ = {
			isa = PBXContainerItemProxy;
			containerPortal = 7F87F30C29C994DE00B23C28 /* Project object */;
			proxyType = 1;
			remoteGlobalIDString = 7F87F31329C994DE00B23C28;
			remoteInfo = MyMovieChart;
		};
		7F87F33529C994DF00B23C28 /* PBXContainerItemProxy */ = {
			isa = PBXContainerItemProxy;
			containerPortal = 7F87F30C29C994DE00B23C28 /* Project object */;
			proxyType = 1;
			remoteGlobalIDString = 7F87F31329C994DE00B23C28;
			remoteInfo = MyMovieChart;
		};
/* End PBXContainerItemProxy section */

/* Begin PBXFileReference section */
		7F87F31429C994DE00B23C28 /* MyMovieChart.app */ = {isa = PBXFileReference; explicitFileType = wrapper.application; includeInIndex = 0; path = MyMovieChart.app; sourceTree = BUILT_PRODUCTS_DIR; };
		7F87F31729C994DE00B23C28 /* AppDelegate.swift */ = {isa = PBXFileReference; lastKnownFileType = sourcecode.swift; path = AppDelegate.swift; sourceTree = "<group>"; };
		7F87F31929C994DE00B23C28 /* SceneDelegate.swift */ = {isa = PBXFileReference; lastKnownFileType = sourcecode.swift; path = SceneDelegate.swift; sourceTree = "<group>"; };
		7F87F31E29C994DE00B23C28 /* Base */ = {isa = PBXFileReference; lastKnownFileType = file.storyboard; name = Base; path = Base.lproj/Main.storyboard; sourceTree = "<group>"; };
		7F87F32029C994DE00B23C28 /* Assets.xcassets */ = {isa = PBXFileReference; lastKnownFileType = folder.assetcatalog; path = Assets.xcassets; sourceTree = "<group>"; };
		7F87F32329C994DE00B23C28 /* Base */ = {isa = PBXFileReference; lastKnownFileType = file.storyboard; name = Base; path = Base.lproj/LaunchScreen.storyboard; sourceTree = "<group>"; };
		7F87F32529C994DE00B23C28 /* Info.plist */ = {isa = PBXFileReference; lastKnownFileType = text.plist.xml; path = Info.plist; sourceTree = "<group>"; };
		7F87F32A29C994DF00B23C28 /* MyMovieChartTests.xctest */ = {isa = PBXFileReference; explicitFileType = wrapper.cfbundle; includeInIndex = 0; path = MyMovieChartTests.xctest; sourceTree = BUILT_PRODUCTS_DIR; };
		7F87F32E29C994DF00B23C28 /* MyMovieChartTests.swift */ = {isa = PBXFileReference; lastKnownFileType = sourcecode.swift; path = MyMovieChartTests.swift; sourceTree = "<group>"; };
		7F87F33429C994DF00B23C28 /* MyMovieChartUITests.xctest */ = {isa = PBXFileReference; explicitFileType = wrapper.cfbundle; includeInIndex = 0; path = MyMovieChartUITests.xctest; sourceTree = BUILT_PRODUCTS_DIR; };
		7F87F33829C994DF00B23C28 /* MyMovieChartUITests.swift */ = {isa = PBXFileReference; lastKnownFileType = sourcecode.swift; path = MyMovieChartUITests.swift; sourceTree = "<group>"; };
		7F87F33A29C994DF00B23C28 /* MyMovieChartUITestsLaunchTests.swift */ = {isa = PBXFileReference; lastKnownFileType = sourcecode.swift; path = MyMovieChartUITestsLaunchTests.swift; sourceTree = "<group>"; };
		7F87F34729C9954000B23C28 /* ListViewController.swift */ = {isa = PBXFileReference; lastKnownFileType = sourcecode.swift; path = ListViewController.swift; sourceTree = "<group>"; };
		7F87F34929C9968D00B23C28 /* MovieVO.swift */ = {isa = PBXFileReference; lastKnownFileType = sourcecode.swift; path = MovieVO.swift; sourceTree = "<group>"; };
/* End PBXFileReference section */

/* Begin PBXFrameworksBuildPhase section */
		7F87F31129C994DE00B23C28 /* Frameworks */ = {
			isa = PBXFrameworksBuildPhase;
			buildActionMask = 2147483647;
			files = (
			);
			runOnlyForDeploymentPostprocessing = 0;
		};
		7F87F32729C994DF00B23C28 /* Frameworks */ = {
			isa = PBXFrameworksBuildPhase;
			buildActionMask = 2147483647;
			files = (
			);
			runOnlyForDeploymentPostprocessing = 0;
		};
		7F87F33129C994DF00B23C28 /* Frameworks */ = {
			isa = PBXFrameworksBuildPhase;
			buildActionMask = 2147483647;
			files = (
			);
			runOnlyForDeploymentPostprocessing = 0;
		};
/* End PBXFrameworksBuildPhase section */

/* Begin PBXGroup section */
		7F87F30B29C994DE00B23C28 = {
			isa = PBXGroup;
			children = (
				7F87F31629C994DE00B23C28 /* MyMovieChart */,
				7F87F32D29C994DF00B23C28 /* MyMovieChartTests */,
				7F87F33729C994DF00B23C28 /* MyMovieChartUITests */,
				7F87F31529C994DE00B23C28 /* Products */,
			);
			sourceTree = "<group>";
		};
		7F87F31529C994DE00B23C28 /* Products */ = {
			isa = PBXGroup;
			children = (
				7F87F31429C994DE00B23C28 /* MyMovieChart.app */,
				7F87F32A29C994DF00B23C28 /* MyMovieChartTests.xctest */,
				7F87F33429C994DF00B23C28 /* MyMovieChartUITests.xctest */,
			);
			name = Products;
			sourceTree = "<group>";
		};
		7F87F31629C994DE00B23C28 /* MyMovieChart */ = {
			isa = PBXGroup;
			children = (
				7F87F31729C994DE00B23C28 /* AppDelegate.swift */,
				7F87F31929C994DE00B23C28 /* SceneDelegate.swift */,
				7F87F31D29C994DE00B23C28 /* Main.storyboard */,
				7F87F34929C9968D00B23C28 /* MovieVO.swift */,
				7F87F34729C9954000B23C28 /* ListViewController.swift */,
				7F87F32029C994DE00B23C28 /* Assets.xcassets */,
				7F87F32229C994DE00B23C28 /* LaunchScreen.storyboard */,
				7F87F32529C994DE00B23C28 /* Info.plist */,
			);
			path = MyMovieChart;
			sourceTree = "<group>";
		};
		7F87F32D29C994DF00B23C28 /* MyMovieChartTests */ = {
			isa = PBXGroup;
			children = (
				7F87F32E29C994DF00B23C28 /* MyMovieChartTests.swift */,
			);
			path = MyMovieChartTests;
			sourceTree = "<group>";
		};
		7F87F33729C994DF00B23C28 /* MyMovieChartUITests */ = {
			isa = PBXGroup;
			children = (
				7F87F33829C994DF00B23C28 /* MyMovieChartUITests.swift */,
				7F87F33A29C994DF00B23C28 /* MyMovieChartUITestsLaunchTests.swift */,
			);
			path = MyMovieChartUITests;
			sourceTree = "<group>";
		};
/* End PBXGroup section */

/* Begin PBXNativeTarget section */
		7F87F31329C994DE00B23C28 /* MyMovieChart */ = {
			isa = PBXNativeTarget;
			buildConfigurationList = 7F87F33E29C994DF00B23C28 /* Build configuration list for PBXNativeTarget "MyMovieChart" */;
			buildPhases = (
				7F87F31029C994DE00B23C28 /* Sources */,
				7F87F31129C994DE00B23C28 /* Frameworks */,
				7F87F31229C994DE00B23C28 /* Resources */,
			);
			buildRules = (
			);
			dependencies = (
			);
			name = MyMovieChart;
			productName = MyMovieChart;
			productReference = 7F87F31429C994DE00B23C28 /* MyMovieChart.app */;
			productType = "com.apple.product-type.application";
		};
		7F87F32929C994DF00B23C28 /* MyMovieChartTests */ = {
			isa = PBXNativeTarget;
			buildConfigurationList = 7F87F34129C994DF00B23C28 /* Build configuration list for PBXNativeTarget "MyMovieChartTests" */;
			buildPhases = (
				7F87F32629C994DF00B23C28 /* Sources */,
				7F87F32729C994DF00B23C28 /* Frameworks */,
				7F87F32829C994DF00B23C28 /* Resources */,
			);
			buildRules = (
			);
			dependencies = (
				7F87F32C29C994DF00B23C28 /* PBXTargetDependency */,
			);
			name = MyMovieChartTests;
			productName = MyMovieChartTests;
			productReference = 7F87F32A29C994DF00B23C28 /* MyMovieChartTests.xctest */;
			productType = "com.apple.product-type.bundle.unit-test";
		};
		7F87F33329C994DF00B23C28 /* MyMovieChartUITests */ = {
			isa = PBXNativeTarget;
			buildConfigurationList = 7F87F34429C994DF00B23C28 /* Build configuration list for PBXNativeTarget "MyMovieChartUITests" */;
			buildPhases = (
				7F87F33029C994DF00B23C28 /* Sources */,
				7F87F33129C994DF00B23C28 /* Frameworks */,
				7F87F33229C994DF00B23C28 /* Resources */,
			);
			buildRules = (
			);
			dependencies = (
				7F87F33629C994DF00B23C28 /* PBXTargetDependency */,
			);
			name = MyMovieChartUITests;
			productName = MyMovieChartUITests;
			productReference = 7F87F33429C994DF00B23C28 /* MyMovieChartUITests.xctest */;
			productType = "com.apple.product-type.bundle.ui-testing";
		};
/* End PBXNativeTarget section */

/* Begin PBXProject section */
		7F87F30C29C994DE00B23C28 /* Project object */ = {
			isa = PBXProject;
			attributes = {
				BuildIndependentTargetsInParallel = 1;
			
				LastSwiftUpdateCheck = 1410;
				LastUpgradeCheck = 1410;
				TargetAttributes = {
					7F87F31329C994DE00B23C28 = {
						CreatedOnToolsVersion = 14.1;
					};
					7F87F32929C994DF00B23C28 = {
						CreatedOnToolsVersion = 14.1;
						TestTargetID = 7F87F31329C994DE00B23C28;
					};
					7F87F33329C994DF00B23C28 = {
						CreatedOnToolsVersion = 14.1;
						TestTargetID = 7F87F31329C994DE00B23C28;
					};
				};
			};
			buildConfigurationList = 7F87F30F29C994DE00B23C28 /* Build configuration list for PBXProject "MyMovieChart" */;
			compatibilityVersion = "Xcode 14.0";
			developmentRegion = en;
			hasScannedForEncodings = 0;
			knownRegions = (
				en,
				Base,
			);
			mainGroup = 7F87F30B29C994DE00B23C28;
			productRefGroup = 7F87F31529C994DE00B23C28 /* Products */;
			projectDirPath = "";
			projectRoot = "";
			targets = (
				7F87F31329C994DE00B23C28 /* MyMovieChart */,
				7F87F32929C994DF00B23C28 /* MyMovieChartTests */,
				7F87F33329C994DF00B23C28 /* MyMovieChartUITests */,
			);
		};
/* End PBXProject section */

/* Begin PBXResourcesBuildPhase section */
		7F87F31229C994DE00B23C28 /* Resources */ = {
			isa = PBXResourcesBuildPhase;
			buildActionMask = 2147483647;
			files = (
				7F87F32429C994DE00B23C28 /* LaunchScreen.storyboard in Resources */,
				7F87F32129C994DE00B23C28 /* Assets.xcassets in Resources */,
				7F87F31F29C994DE00B23C28 /* Main.storyboard in Resources */,
			);
			runOnlyForDeploymentPostprocessing = 0;
		};
		7F87F32829C994DF00B23C28 /* Resources */ = {
			isa = PBXResourcesBuildPhase;
			buildActionMask = 2147483647;
			files = (
			);
			runOnlyForDeploymentPostprocessing = 0;
		};
		7F87F33229C994DF00B23C28 /* Resources */ = {
			isa = PBXResourcesBuildPhase;
			buildActionMask = 2147483647;
			files = (
			);
			runOnlyForDeploymentPostprocessing = 0;
		};
/* End PBXResourcesBuildPhase section */

/* Begin PBXSourcesBuildPhase section */
		7F87F31029C994DE00B23C28 /* Sources */ = {
			isa = PBXSourcesBuildPhase;
			buildActionMask = 2147483647;
			files = (
				7F87F31829C994DE00B23C28 /* AppDelegate.swift in Sources */,
				7F87F34A29C9968D00B23C28 /* MovieVO.swift in Sources */,
				7F87F31A29C994DE00B23C28 /* SceneDelegate.swift in Sources */,
				7F87F34829C9954000B23C28 /* ListViewController.swift in Sources */,
			);
			runOnlyForDeploymentPostprocessing = 0;
		};
		7F87F32629C994DF00B23C28 /* Sources */ = {
			isa = PBXSourcesBuildPhase;
			buildActionMask = 2147483647;
			files = (
				7F87F32F29C994DF00B23C28 /* MyMovieChartTests.swift in Sources */,
			);
			runOnlyForDeploymentPostprocessing = 0;
		};
		7F87F33029C994DF00B23C28 /* Sources */ = {
			isa = PBXSourcesBuildPhase;
			buildActionMask = 2147483647;
			files = (
				7F87F33B29C994DF00B23C28 /* MyMovieChartUITestsLaunchTests.swift in Sources */,
				7F87F33929C994DF00B23C28 /* MyMovieChartUITests.swift in Sources */,
			);
			runOnlyForDeploymentPostprocessing = 0;
		};
/* End PBXSourcesBuildPhase section */

/* Begin PBXTargetDependency section */
		7F87F32C29C994DF00B23C28 /* PBXTargetDependency */ = {
			isa = PBXTargetDependency;
			target = 7F87F31329C994DE00B23C28 /* MyMovieChart */;
			targetProxy = 7F87F32B29C994DF00B23C28 /* PBXContainerItemProxy */;
		};
		7F87F33629C994DF00B23C28 /* PBXTargetDependency */ = {
			isa = PBXTargetDependency;
			target = 7F87F31329C994DE00B23C28 /* MyMovieChart */;
			targetProxy = 7F87F33529C994DF00B23C28 /* PBXContainerItemProxy */;
		};
/* End PBXTargetDependency section */

/* Begin PBXVariantGroup section */
		7F87F31D29C994DE00B23C28 /* Main.storyboard */ = {
			isa = PBXVariantGroup;
			children = (
				7F87F31E29C994DE00B23C28 /* Base */,
			);
			name = Main.storyboard;
			sourceTree = "<group>";
		};
		7F87F32229C994DE00B23C28 /* LaunchScreen.storyboard */ = {
			isa = PBXVariantGroup;
			children = (
				7F87F32329C994DE00B23C28 /* Base */,
			);
			name = LaunchScreen.storyboard;
			sourceTree = "<group>";
		};
/* End PBXVariantGroup section */

/* Begin XCBuildConfiguration section */
		7F87F33C29C994DF00B23C28 /* Debug */ = {
			isa = XCBuildConfiguration;
			buildSettings = {
				ALWAYS_SEARCH_USER_PATHS = NO;
				CLANG_ANALYZER_NONNULL = YES;
				CLANG_ANALYZER_NUMBER_OBJECT_CONVERSION = YES_AGGRESSIVE;
				CLANG_CXX_LANGUAGE_STANDARD = "gnu++20";
				CLANG_ENABLE_MODULES = YES;
				CLANG_ENABLE_OBJC_ARC = YES;
				CLANG_ENABLE_OBJC_WEAK = YES;
				CLANG_WARN_BLOCK_CAPTURE_AUTORELEASING = YES;
				CLANG_WARN_BOOL_CONVERSION = YES;
				CLANG_WARN_COMMA = YES;
				CLANG_WARN_CONSTANT_CONVERSION = YES;
				CLANG_WARN_DEPRECATED_OBJC_IMPLEMENTATIONS = YES;
				CLANG_WARN_DIRECT_OBJC_ISA_USAGE = YES_ERROR;
				CLANG_WARN_DOCUMENTATION_COMMENTS = YES;
				CLANG_WARN_EMPTY_BODY = YES;
				CLANG_WARN_ENUM_CONVERSION = YES;
				CLANG_WARN_INFINITE_RECURSION = YES;
				CLANG_WARN_INT_CONVERSION = YES;
				CLANG_WARN_NON_LITERAL_NULL_CONVERSION = YES;
				CLANG_WARN_OBJC_IMPLICIT_RETAIN_SELF = YES;
				CLANG_WARN_OBJC_LITERAL_CONVERSION = YES;
				CLANG_WARN_OBJC_ROOT_CLASS = YES_ERROR;
				CLANG_WARN_QUOTED_INCLUDE_IN_FRAMEWORK_HEADER = YES;
				CLANG_WARN_RANGE_LOOP_ANALYSIS = YES;
				CLANG_WARN_STRICT_PROTOTYPES = YES;
				CLANG_WARN_SUSPICIOUS_MOVE = YES;
				CLANG_WARN_UNGUARDED_AVAILABILITY = YES_AGGRESSIVE;
				CLANG_WARN_UNREACHABLE_CODE = YES;
				CLANG_WARN__DUPLICATE_METHOD_MATCH = YES;
				COPY_PHASE_STRIP = NO;
				DEBUG_INFORMATION_FORMAT = dwarf;
				ENABLE_STRICT_OBJC_MSGSEND = YES;
				ENABLE_TESTABILITY = YES;
				GCC_C_LANGUAGE_STANDARD = gnu11;
				GCC_DYNAMIC_NO_PIC = NO;
				GCC_NO_COMMON_BLOCKS = YES;
				GCC_OPTIMIZATION_LEVEL = 0;
				GCC_PREPROCESSOR_DEFINITIONS = (
					"DEBUG=1",
					"$(inherited)",
				);
				GCC_WARN_64_TO_32_BIT_CONVERSION = YES;
				GCC_WARN_ABOUT_RETURN_TYPE = YES_ERROR;
				GCC_WARN_UNDECLARED_SELECTOR = YES;
				GCC_WARN_UNINITIALIZED_AUTOS = YES_AGGRESSIVE;
				GCC_WARN_UNUSED_FUNCTION = YES;
				GCC_WARN_UNUSED_VARIABLE = YES;
				IPHONEOS_DEPLOYMENT_TARGET = 16.1;
				MTL_ENABLE_DEBUG_INFO = INCLUDE_SOURCE;
				MTL_FAST_MATH = YES;
				ONLY_ACTIVE_ARCH = YES;
				SDKROOT = iphoneos;
				SWIFT_ACTIVE_COMPILATION_CONDITIONS = DEBUG;
				SWIFT_OPTIMIZATION_LEVEL = "-Onone";
			};
			name = Debug;
		};
		7F87F33D29C994DF00B23C28 /* Release */ = {
			isa = XCBuildConfiguration;
			buildSettings = {
				ALWAYS_SEARCH_USER_PATHS = NO;
				CLANG_ANALYZER_NONNULL = YES;
				CLANG_ANALYZER_NUMBER_OBJECT_CONVERSION = YES_AGGRESSIVE;
				CLANG_CXX_LANGUAGE_STANDARD = "gnu++20";
				CLANG_ENABLE_MODULES = YES;
				CLANG_ENABLE_OBJC_ARC = YES;
				CLANG_ENABLE_OBJC_WEAK = YES;
				CLANG_WARN_BLOCK_CAPTURE_AUTORELEASING = YES;
				CLANG_WARN_BOOL_CONVERSION = YES;
				CLANG_WARN_COMMA = YES;
				CLANG_WARN_CONSTANT_CONVERSION = YES;
				CLANG_WARN_DEPRECATED_OBJC_IMPLEMENTATIONS = YES;
				CLANG_WARN_DIRECT_OBJC_ISA_USAGE = YES_ERROR;
				CLANG_WARN_DOCUMENTATION_COMMENTS = YES;
				CLANG_WARN_EMPTY_BODY = YES;
				CLANG_WARN_ENUM_CONVERSION = YES;
				CLANG_WARN_INFINITE_RECURSION = YES;
				CLANG_WARN_INT_CONVERSION = YES;
				CLANG_WARN_NON_LITERAL_NULL_CONVERSION = YES;
				CLANG_WARN_OBJC_IMPLICIT_RETAIN_SELF = YES;
				CLANG_WARN_OBJC_LITERAL_CONVERSION = YES;
				CLANG_WARN_OBJC_ROOT_CLASS = YES_ERROR;
				CLANG_WARN_QUOTED_INCLUDE_IN_FRAMEWORK_HEADER = YES;
				CLANG_WARN_RANGE_LOOP_ANALYSIS = YES;
				CLANG_WARN_STRICT_PROTOTYPES = YES;
				CLANG_WARN_SUSPICIOUS_MOVE = YES;
				CLANG_WARN_UNGUARDED_AVAILABILITY = YES_AGGRESSIVE;
				CLANG_WARN_UNREACHABLE_CODE = YES;
				CLANG_WARN__DUPLICATE_METHOD_MATCH = YES;
				COPY_PHASE_STRIP = NO;
				DEBUG_INFORMATION_FORMAT = "dwarf-with-dsym";
				ENABLE_NS_ASSERTIONS = NO;
				ENABLE_STRICT_OBJC_MSGSEND = YES;
				GCC_C_LANGUAGE_STANDARD = gnu11;
				GCC_NO_COMMON_BLOCKS = YES;
				GCC_WARN_64_TO_32_BIT_CONVERSION = YES;
				GCC_WARN_ABOUT_RETURN_TYPE = YES_ERROR;
				GCC_WARN_UNDECLARED_SELECTOR = YES;
				GCC_WARN_UNINITIALIZED_AUTOS = YES_AGGRESSIVE;
				GCC_WARN_UNUSED_FUNCTION = YES;
				GCC_WARN_UNUSED_VARIABLE = YES;
				IPHONEOS_DEPLOYMENT_TARGET = 16.1;
				MTL_ENABLE_DEBUG_INFO = NO;
				MTL_FAST_MATH = YES;
				SDKROOT = iphoneos;
				SWIFT_COMPILATION_MODE = wholemodule;
				SWIFT_OPTIMIZATION_LEVEL = "-O";
				VALIDATE_PRODUCT = YES;
			};
			name = Release;
		};
		7F87F33F29C994DF00B23C28 /* Debug */ = {
			isa = XCBuildConfiguration;
			buildSettings = {
				ASSETCATALOG_COMPILER_APPICON_NAME = AppIcon;
				ASSETCATALOG_COMPILER_GLOBAL_ACCENT_COLOR_NAME = AccentColor;
				CODE_SIGN_STYLE = Automatic;
				CURRENT_PROJECT_VERSION = 1;
				DEVELOPMENT_TEAM = TU8YV9MV8Q;
				GENERATE_INFOPLIST_FILE = YES;
				INFOPLIST_FILE = MyMovieChart/Info.plist;
				INFOPLIST_KEY_UIApplicationSupportsIndirectInputEvents = YES;
				INFOPLIST_KEY_UILaunchStoryboardName = LaunchScreen;
				INFOPLIST_KEY_UIMainStoryboardFile = Main;
				INFOPLIST_KEY_UISupportedInterfaceOrientations_iPad = "UIInterfaceOrientationPortrait UIInterfaceOrientationPortraitUpsideDown UIInterfaceOrientationLandscapeLeft UIInterfaceOrientationLandscapeRight";
				INFOPLIST_KEY_UISupportedInterfaceOrientations_iPhone = "UIInterfaceOrientationPortrait UIInterfaceOrientationLandscapeLeft UIInterfaceOrientationLandscapeRight";
				LD_RUNPATH_SEARCH_PATHS = (
					"$(inherited)",
					"@executable_path/Frameworks",
				);
				MARKETING_VERSION = 1.0;
				PRODUCT_BUNDLE_IDENTIFIER = com.jwios.MyMovieChart;
				PRODUCT_NAME = "$(TARGET_NAME)";
				SWIFT_EMIT_LOC_STRINGS = YES;
				SWIFT_VERSION = 5.0;
				TARGETED_DEVICE_FAMILY = "1,2";
			};
			name = Debug;
		};
		7F87F34029C994DF00B23C28 /* Release */ = {
			isa = XCBuildConfiguration;
			buildSettings = {
				ASSETCATALOG_COMPILER_APPICON_NAME = AppIcon;
				ASSETCATALOG_COMPILER_GLOBAL_ACCENT_COLOR_NAME = AccentColor;
				CODE_SIGN_STYLE = Automatic;
				CURRENT_PROJECT_VERSION = 1;
				DEVELOPMENT_TEAM = TU8YV9MV8Q;
				GENERATE_INFOPLIST_FILE = YES;
				INFOPLIST_FILE = MyMovieChart/Info.plist;
				INFOPLIST_KEY_UIApplicationSupportsIndirectInputEvents = YES;
				INFOPLIST_KEY_UILaunchStoryboardName = LaunchScreen;
				INFOPLIST_KEY_UIMainStoryboardFile = Main;
				INFOPLIST_KEY_UISupportedInterfaceOrientations_iPad = "UIInterfaceOrientationPortrait UIInterfaceOrientationPortraitUpsideDown UIInterfaceOrientationLandscapeLeft UIInterfaceOrientationLandscapeRight";
				INFOPLIST_KEY_UISupportedInterfaceOrientations_iPhone = "UIInterfaceOrientationPortrait UIInterfaceOrientationLandscapeLeft UIInterfaceOrientationLandscapeRight";
				LD_RUNPATH_SEARCH_PATHS = (
					"$(inherited)",
					"@executable_path/Frameworks",
				);
				MARKETING_VERSION = 1.0;
				PRODUCT_BUNDLE_IDENTIFIER = com.jwios.MyMovieChart;
				PRODUCT_NAME = "$(TARGET_NAME)";
				SWIFT_EMIT_LOC_STRINGS = YES;
				SWIFT_VERSION = 5.0;
				TARGETED_DEVICE_FAMILY = "1,2";
			};
			name = Release;
		};
		7F87F34229C994DF00B23C28 /* Debug */ = {
			isa = XCBuildConfiguration;
			buildSettings = {
				ALWAYS_EMBED_SWIFT_STANDARD_LIBRARIES = YES;
				BUNDLE_LOADER = "$(TEST_HOST)";
				CODE_SIGN_STYLE = Automatic;
				CURRENT_PROJECT_VERSION = 1;
				DEVELOPMENT_TEAM = TU8YV9MV8Q;
				GENERATE_INFOPLIST_FILE = YES;
				IPHONEOS_DEPLOYMENT_TARGET = 16.1;
				MARKETING_VERSION = 1.0;
				PRODUCT_BUNDLE_IDENTIFIER = com.jwios.MyMovieChartTests;
				PRODUCT_NAME = "$(TARGET_NAME)";
				SWIFT_EMIT_LOC_STRINGS = NO;
				SWIFT_VERSION = 5.0;
				TARGETED_DEVICE_FAMILY = "1,2";
				TEST_HOST = "$(BUILT_PRODUCTS_DIR)/MyMovieChart.app/$(BUNDLE_EXECUTABLE_FOLDER_PATH)/MyMovieChart";
			};
			name = Debug;
		};
		7F87F34329C994DF00B23C28 /* Release */ = {
			isa = XCBuildConfiguration;
			buildSettings = {
				ALWAYS_EMBED_SWIFT_STANDARD_LIBRARIES = YES;
				BUNDLE_LOADER = "$(TEST_HOST)";
				CODE_SIGN_STYLE = Automatic;
				CURRENT_PROJECT_VERSION = 1;
				DEVELOPMENT_TEAM = TU8YV9MV8Q;
				GENERATE_INFOPLIST_FILE = YES;
				IPHONEOS_DEPLOYMENT_TARGET = 16.1;
				MARKETING_VERSION = 1.0;
				PRODUCT_BUNDLE_IDENTIFIER = com.jwios.MyMovieChartTests;
				PRODUCT_NAME = "$(TARGET_NAME)";
				SWIFT_EMIT_LOC_STRINGS = NO;
				SWIFT_VERSION = 5.0;
				TARGETED_DEVICE_FAMILY = "1,2";
				TEST_HOST = "$(BUILT_PRODUCTS_DIR)/MyMovieChart.app/$(BUNDLE_EXECUTABLE_FOLDER_PATH)/MyMovieChart";
			};
			name = Release;
		};
		7F87F34529C994DF00B23C28 /* Debug */ = {
			isa = XCBuildConfiguration;
			buildSettings = {
				ALWAYS_EMBED_SWIFT_STANDARD_LIBRARIES = YES;
				CODE_SIGN_STYLE = Automatic;
				CURRENT_PROJECT_VERSION = 1;
				DEVELOPMENT_TEAM = TU8YV9MV8Q;
				GENERATE_INFOPLIST_FILE = YES;
				MARKETING_VERSION = 1.0;
				PRODUCT_BUNDLE_IDENTIFIER = com.jwios.MyMovieChartUITests;
				PRODUCT_NAME = "$(TARGET_NAME)";
				SWIFT_EMIT_LOC_STRINGS = NO;
				SWIFT_VERSION = 5.0;
				TARGETED_DEVICE_FAMILY = "1,2";
				TEST_TARGET_NAME = MyMovieChart;
			};
			name = Debug;
		};
		7F87F34629C994DF00B23C28 /* Release */ = {
			isa = XCBuildConfiguration;
			buildSettings = {
				ALWAYS_EMBED_SWIFT_STANDARD_LIBRARIES = YES;
				CODE_SIGN_STYLE = Automatic;
				CURRENT_PROJECT_VERSION = 1;
				DEVELOPMENT_TEAM = TU8YV9MV8Q;
				GENERATE_INFOPLIST_FILE = YES;
				MARKETING_VERSION = 1.0;
				PRODUCT_BUNDLE_IDENTIFIER = com.jwios.MyMovieChartUITests;
				PRODUCT_NAME = "$(TARGET_NAME)";
				SWIFT_EMIT_LOC_STRINGS = NO;
				SWIFT_VERSION = 5.0;
				TARGETED_DEVICE_FAMILY = "1,2";
				TEST_TARGET_NAME = MyMovieChart;
			};
			name = Release;
		};
/* End XCBuildConfiguration section */

/* Begin XCConfigurationList section */
		7F87F30F29C994DE00B23C28 /* Build configuration list for PBXProject "MyMovieChart" */ = {
			isa = XCConfigurationList;
			buildConfigurations = (
				7F87F33C29C994DF00B23C28 /* Debug */,
				7F87F33D29C994DF00B23C28 /* Release */,
			);
			defaultConfigurationIsVisible = 0;
			defaultConfigurationName = Release;
		};
		7F87F33E29C994DF00B23C28 /* Build configuration list for PBXNativeTarget "MyMovieChart" */ = {
			isa = XCConfigurationList;
			buildConfigurations = (
				7F87F33F29C994DF00B23C28 /* Debug */,
				7F87F34029C994DF00B23C28 /* Release */,
			);
			defaultConfigurationIsVisible = 0;
			defaultConfigurationName = Release;
		};
		7F87F34129C994DF00B23C28 /* Build configuration list for PBXNativeTarget "MyMovieChartTests" */ = {
			isa = XCConfigurationList;
			buildConfigurations = (
				7F87F34229C994DF00B23C28 /* Debug */,
				7F87F34329C994DF00B23C28 /* Release */,
			);
			defaultConfigurationIsVisible = 0;
			defaultConfigurationName = Release;
		};
		7F87F34429C994DF00B23C28 /* Build configuration list for PBXNativeTarget "MyMovieChartUITests" */ = {
			isa = XCConfigurationList;
			buildConfigurations = (
				7F87F34529C994DF00B23C28 /* Debug */,
				7F87F34629C994DF00B23C28 /* Release */,
			);
			defaultConfigurationIsVisible = 0;
			defaultConfigurationName = Release;
		};
/* End XCConfigurationList section */
	};
	rootObject = 7F87F30C29C994DE00B23C28 /* Project object */;
}
